<?xml version="1.0" encoding="UTF-8"?>
<Scheme
   LastUpgradeVersion = "1130"
   version = "1.7">
   <BuildAction
      parallelizeBuildables = "YES"
      buildImplicitDependencies = "YES">
      <BuildActionEntries>
         <BuildActionEntry
            buildForTesting = "YES"
            buildForRunning = "YES"
            buildForProfiling = "YES"
            buildForArchiving = "YES"
            buildForAnalyzing = "YES">
            <BuildableReference
               BuildableIdentifier = "primary"
               BlueprintIdentifier = "70CC2E0D2419E661006B191A"
               BuildableName = "TokenCoreX.framework"
               BlueprintName = "TokenCoreX"
               ReferencedContainer = "container:TokenCoreX.xcodeproj">
            </BuildableReference>
         </BuildActionEntry>
      </BuildActionEntries>
   </BuildAction>
   <TestAction
      buildConfiguration = "Debug"
      selectedDebuggerIdentifier = "Xcode.DebuggerFoundation.Debugger.LLDB"
      selectedLauncherIdentifier = "Xcode.DebuggerFoundation.Launcher.LLDB"
      shouldUseLaunchSchemeArgsEnv = "YES">
      <Testables>
         <TestableReference
            skipped = "NO">
            <BuildableReference
               BuildableIdentifier = "primary"
               BlueprintIdentifier = "70CC2E162419E661006B191A"
               BuildableName = "TokenCoreXTests.xctest"
               BlueprintName = "TokenCoreXTests"
               ReferencedContainer = "container:TokenCoreX.xcodeproj">
            </BuildableReference>
         </TestableReference>
      </Testables>
   </TestAction>
   <LaunchAction
      buildConfiguration = "Debug"
      selectedDebuggerIdentifier = "Xcode.DebuggerFoundation.Debugger.LLDB"
      selectedLauncherIdentifier = "Xcode.DebuggerFoundation.Launcher.LLDB"
      launchStyle = "0"
      useCustomWorkingDirectory = "NO"
      ignoresPersistentStateOnLaunch = "NO"
      debugDocumentVersioning = "YES"
      debugServiceExtension = "internal"
      allowLocationSimulation = "YES">
   </LaunchAction>
   <ProfileAction
      buildConfiguration = "Release"
      shouldUseLaunchSchemeArgsEnv = "YES"
      savedToolIdentifier = ""
      useCustomWorkingDirectory = "NO"
      debugDocumentVersioning = "YES">
      <MacroExpansion>
         <BuildableReference
            BuildableIdentifier = "primary"
            BlueprintIdentifier = "70CC2E0D2419E661006B191A"
            BuildableName = "TokenCoreX.framework"
            BlueprintName = "TokenCoreX"
            ReferencedContainer = "container:TokenCoreX.xcodeproj">
         </BuildableReference>
      </MacroExpansion>
   </ProfileAction>
   <AnalyzeAction
      buildConfiguration = "Debug">
   </AnalyzeAction>
   <ArchiveAction
      buildConfiguration = "Release"
      revealArchiveInOrganizer = "YES">
      <PostActions>
         <ExecutionAction
            ActionType = "Xcode.IDEStandardExecutionActionsCore.ExecutionActionType.ShellScriptAction">
            <ActionContent
               title = "Run Script"
               scriptText = "# Type a script or drag a script file from your workspace to insert its path.&#10;UNIVERSAL_OUTPUTFOLDER=${BUILD_DIR}/${CONFIGURATION}-Universal&#10;# Make sure the output directory exists&#10;mkdir -p &quot;${UNIVERSAL_OUTPUTFOLDER}&quot;&#10;# Next, work out if we&apos;re in SIMULATOR or REAL DEVICE&#10;xcodebuild -target &quot;${PROJECT_NAME}&quot; -configuration ${CONFIGURATION} -sdk iphonesimulator ONLY_ACTIVE_ARCH=NO BUILD_DIR=&quot;${BUILD_DIR}&quot; BUILD_ROOT=&quot;${BUILD_ROOT}&quot; clean build&#10;xcodebuild -target &quot;${PROJECT_NAME}&quot; ONLY_ACTIVE_ARCH=NO -configuration ${CONFIGURATION} -sdk iphoneos  BUILD_DIR=&quot;${BUILD_DIR}&quot; BUILD_ROOT=&quot;${BUILD_ROOT}&quot; clean build&#10;# Step 2. Copy the framework structure (from iphoneos build) to the universal folder&#10;cp -R &quot;${BUILD_DIR}/${CONFIGURATION}-iphoneos/${PROJECT_NAME}.framework&quot; &quot;${UNIVERSAL_OUTPUTFOLDER}/&quot;&#10;# Step 3. Copy Swift modules from iphonesimulator build (if it exists) to the copied framework directory&#10;BUILD_PRODUCTS=&quot;${SYMROOT}/../../../../Products&quot;&#10;cp -R &quot;${BUILD_PRODUCTS}/Debug-iphonesimulator/${PROJECT_NAME}.framework/Modules/${PROJECT_NAME}.swiftmodule/.&quot; &quot;${UNIVERSAL_OUTPUTFOLDER}/${PROJECT_NAME}.framework/Modules/${PROJECT_NAME}.swiftmodule&quot;&#10;# Step 4. Create universal binary file using lipo and place the combined executable in the copied framework directory&#10;lipo -create -output &quot;${UNIVERSAL_OUTPUTFOLDER}/${PROJECT_NAME}.framework/${PROJECT_NAME}&quot; &quot;${BUILD_PRODUCTS}/Debug-iphonesimulator/${PROJECT_NAME}.framework/${PROJECT_NAME}&quot; &quot;${BUILD_DIR}/${CONFIGURATION}-iphoneos/${PROJECT_NAME}.framework/${PROJECT_NAME}&quot;&#10;# Step 5. Convenience step to copy the framework to the project&apos;s directory&#10;cp -R &quot;${UNIVERSAL_OUTPUTFOLDER}/${PROJECT_NAME}.framework&quot; &quot;${PROJECT_DIR}&quot;&#10;# Step 6. Convenience step to open the project&apos;s directory in Finder&#10;open &quot;${PROJECT_DIR}&quot;&#10;fi&#10;">
               <EnvironmentBuildable>
                  <BuildableReference
                     BuildableIdentifier = "primary"
                     BlueprintIdentifier = "70CC2E0D2419E661006B191A"
                     BuildableName = "TokenCoreX.framework"
                     BlueprintName = "TokenCoreX"
                     ReferencedContainer = "container:TokenCoreX.xcodeproj">
                  </BuildableReference>
               </EnvironmentBuildable>
            </ActionContent>
         </ExecutionAction>
      </PostActions>
   </ArchiveAction>
</Scheme>
